// !$*UTF8*$!
{
	archiveVersion = 1;
	classes = {
	};
	objectVersion = 46;
	objects = {

/* Begin PBXBuildFile section */
		CF26D5531D887F2400A060D8 /* Notebook+CoreDataProperties.swift in Sources */ = {isa = PBXBuildFile; fileRef = CF26D5501D887F2400A060D8 /* Notebook+CoreDataProperties.swift */; };
		CF26D5541D887F2400A060D8 /* Photo+CoreDataProperties.swift in Sources */ = {isa = PBXBuildFile; fileRef = CF26D5511D887F2400A060D8 /* Photo+CoreDataProperties.swift */; };
		CF26D5561D8899CE00A060D8 /* NotesViewController.swift in Sources */ = {isa = PBXBuildFile; fileRef = CF26D5551D8899CE00A060D8 /* NotesViewController.swift */; };
		CF26D5591D88A42F00A060D8 /* NoteViewController.swift in Sources */ = {isa = PBXBuildFile; fileRef = CF26D5571D88A42F00A060D8 /* NoteViewController.swift */; };
		CF26D55A1D88A42F00A060D8 /* NoteViewController.xib in Resources */ = {isa = PBXBuildFile; fileRef = CF26D5581D88A42F00A060D8 /* NoteViewController.xib */; };
		CF26D55D1D88ACF600A060D8 /* PhotoViewController.swift in Sources */ = {isa = PBXBuildFile; fileRef = CF26D55B1D88ACF600A060D8 /* PhotoViewController.swift */; };
		CF26D55E1D88ACF600A060D8 /* PhotoViewController.xib in Resources */ = {isa = PBXBuildFile; fileRef = CF26D55C1D88ACF600A060D8 /* PhotoViewController.xib */; };
		CF3A2F801D7F6E03007C1AF1 /* AppDelegate.swift in Sources */ = {isa = PBXBuildFile; fileRef = CF3A2F7F1D7F6E03007C1AF1 /* AppDelegate.swift */; };
		CF3A2F821D7F6E03007C1AF1 /* ViewController.swift in Sources */ = {isa = PBXBuildFile; fileRef = CF3A2F811D7F6E03007C1AF1 /* ViewController.swift */; };
		CF3A2F851D7F6E03007C1AF1 /* Main.storyboard in Resources */ = {isa = PBXBuildFile; fileRef = CF3A2F831D7F6E03007C1AF1 /* Main.storyboard */; };
		CF3A2F871D7F6E03007C1AF1 /* Assets.xcassets in Resources */ = {isa = PBXBuildFile; fileRef = CF3A2F861D7F6E03007C1AF1 /* Assets.xcassets */; };
		CF3A2F8A1D7F6E03007C1AF1 /* LaunchScreen.storyboard in Resources */ = {isa = PBXBuildFile; fileRef = CF3A2F881D7F6E03007C1AF1 /* LaunchScreen.storyboard */; };
		CF3A2F971D7F72EA007C1AF1 /* Model.xcdatamodeld in Sources */ = {isa = PBXBuildFile; fileRef = CF3A2F951D7F72EA007C1AF1 /* Model.xcdatamodeld */; };
		CF3D3E8E1D873184000E0E24 /* CoreDataTableViewController.swift in Sources */ = {isa = PBXBuildFile; fileRef = CF3D3E8D1D873184000E0E24 /* CoreDataTableViewController.swift */; };
		CF3D3E921D873717000E0E24 /* NotebooksViewController.swift in Sources */ = {isa = PBXBuildFile; fileRef = CF3D3E911D873717000E0E24 /* NotebooksViewController.swift */; };
		CFB12A061D81E71C00EA6B5A /* Photo+CoreDataClass.swift in Sources */ = {isa = PBXBuildFile; fileRef = CFB12A001D81E71C00EA6B5A /* Photo+CoreDataClass.swift */; };
		CFB12A081D81E71C00EA6B5A /* Notebook+CoreDataClass.swift in Sources */ = {isa = PBXBuildFile; fileRef = CFB12A021D81E71C00EA6B5A /* Notebook+CoreDataClass.swift */; };
		CFB12A0A1D81E71C00EA6B5A /* Note+CoreDataClass.swift in Sources */ = {isa = PBXBuildFile; fileRef = CFB12A041D81E71C00EA6B5A /* Note+CoreDataClass.swift */; };
		CFB12A0D1D81EC7200EA6B5A /* CoreDataStack.swift in Sources */ = {isa = PBXBuildFile; fileRef = CFB12A0C1D81EC7200EA6B5A /* CoreDataStack.swift */; };
		CFB12A101D81F39D00EA6B5A /* aperturaDistroLinux.jpg in Resources */ = {isa = PBXBuildFile; fileRef = CFB12A0F1D81F39D00EA6B5A /* aperturaDistroLinux.jpg */; };
		CFEF8DD81D8B545E00286442 /* Location+CoreDataClass.swift in Sources */ = {isa = PBXBuildFile; fileRef = CFEF8DD61D8B545E00286442 /* Location+CoreDataClass.swift */; };
		CFEF8DD91D8B545E00286442 /* Location+CoreDataProperties.swift in Sources */ = {isa = PBXBuildFile; fileRef = CFEF8DD71D8B545E00286442 /* Location+CoreDataProperties.swift */; };
		CFEF8DDD1D8B564600286442 /* Note+CoreDataProperties.swift in Sources */ = {isa = PBXBuildFile; fileRef = CFEF8DDC1D8B564600286442 /* Note+CoreDataProperties.swift */; };
/* End PBXBuildFile section */

/* Begin PBXFileReference section */
		CF26D5501D887F2400A060D8 /* Notebook+CoreDataProperties.swift */ = {isa = PBXFileReference; fileEncoding = 4; lastKnownFileType = sourcecode.swift; name = "Notebook+CoreDataProperties.swift"; path = "../Notebook+CoreDataProperties.swift"; sourceTree = "<group>"; };
		CF26D5511D887F2400A060D8 /* Photo+CoreDataProperties.swift */ = {isa = PBXFileReference; fileEncoding = 4; lastKnownFileType = sourcecode.swift; name = "Photo+CoreDataProperties.swift"; path = "../Photo+CoreDataProperties.swift"; sourceTree = "<group>"; };
		CF26D5551D8899CE00A060D8 /* NotesViewController.swift */ = {isa = PBXFileReference; fileEncoding = 4; lastKnownFileType = sourcecode.swift; path = NotesViewController.swift; sourceTree = "<group>"; };
		CF26D5571D88A42F00A060D8 /* NoteViewController.swift */ = {isa = PBXFileReference; fileEncoding = 4; lastKnownFileType = sourcecode.swift; path = NoteViewController.swift; sourceTree = "<group>"; };
		CF26D5581D88A42F00A060D8 /* NoteViewController.xib */ = {isa = PBXFileReference; fileEncoding = 4; lastKnownFileType = file.xib; path = NoteViewController.xib; sourceTree = "<group>"; };
		CF26D55B1D88ACF600A060D8 /* PhotoViewController.swift */ = {isa = PBXFileReference; fileEncoding = 4; lastKnownFileType = sourcecode.swift; path = PhotoViewController.swift; sourceTree = "<group>"; };
		CF26D55C1D88ACF600A060D8 /* PhotoViewController.xib */ = {isa = PBXFileReference; fileEncoding = 4; lastKnownFileType = file.xib; path = PhotoViewController.xib; sourceTree = "<group>"; };
		CF3A2F7C1D7F6E03007C1AF1 /* Everpobre.app */ = {isa = PBXFileReference; explicitFileType = wrapper.application; includeInIndex = 0; path = Everpobre.app; sourceTree = BUILT_PRODUCTS_DIR; };
		CF3A2F7F1D7F6E03007C1AF1 /* AppDelegate.swift */ = {isa = PBXFileReference; lastKnownFileType = sourcecode.swift; path = AppDelegate.swift; sourceTree = "<group>"; };
		CF3A2F811D7F6E03007C1AF1 /* ViewController.swift */ = {isa = PBXFileReference; lastKnownFileType = sourcecode.swift; path = ViewController.swift; sourceTree = "<group>"; };
		CF3A2F841D7F6E03007C1AF1 /* Base */ = {isa = PBXFileReference; lastKnownFileType = file.storyboard; name = Base; path = Base.lproj/Main.storyboard; sourceTree = "<group>"; };
		CF3A2F861D7F6E03007C1AF1 /* Assets.xcassets */ = {isa = PBXFileReference; lastKnownFileType = folder.assetcatalog; path = Assets.xcassets; sourceTree = "<group>"; };
		CF3A2F891D7F6E03007C1AF1 /* Base */ = {isa = PBXFileReference; lastKnownFileType = file.storyboard; name = Base; path = Base.lproj/LaunchScreen.storyboard; sourceTree = "<group>"; };
		CF3A2F8B1D7F6E03007C1AF1 /* Info.plist */ = {isa = PBXFileReference; lastKnownFileType = text.plist.xml; path = Info.plist; sourceTree = "<group>"; };
		CF3A2F961D7F72EA007C1AF1 /* Model.xcdatamodel */ = {isa = PBXFileReference; lastKnownFileType = wrapper.xcdatamodel; path = Model.xcdatamodel; sourceTree = "<group>"; };
		CF3D3E8D1D873184000E0E24 /* CoreDataTableViewController.swift */ = {isa = PBXFileReference; fileEncoding = 4; lastKnownFileType = sourcecode.swift; path = CoreDataTableViewController.swift; sourceTree = "<group>"; };
		CF3D3E911D873717000E0E24 /* NotebooksViewController.swift */ = {isa = PBXFileReference; fileEncoding = 4; lastKnownFileType = sourcecode.swift; path = NotebooksViewController.swift; sourceTree = "<group>"; };
		CFB12A001D81E71C00EA6B5A /* Photo+CoreDataClass.swift */ = {isa = PBXFileReference; fileEncoding = 4; lastKnownFileType = sourcecode.swift; name = "Photo+CoreDataClass.swift"; path = "../Photo+CoreDataClass.swift"; sourceTree = "<group>"; };
		CFB12A021D81E71C00EA6B5A /* Notebook+CoreDataClass.swift */ = {isa = PBXFileReference; fileEncoding = 4; lastKnownFileType = sourcecode.swift; name = "Notebook+CoreDataClass.swift"; path = "../Notebook+CoreDataClass.swift"; sourceTree = "<group>"; };
		CFB12A041D81E71C00EA6B5A /* Note+CoreDataClass.swift */ = {isa = PBXFileReference; fileEncoding = 4; lastKnownFileType = sourcecode.swift; name = "Note+CoreDataClass.swift"; path = "../Note+CoreDataClass.swift"; sourceTree = "<group>"; };
		CFB12A0C1D81EC7200EA6B5A /* CoreDataStack.swift */ = {isa = PBXFileReference; fileEncoding = 4; lastKnownFileType = sourcecode.swift; path = CoreDataStack.swift; sourceTree = "<group>"; };
		CFB12A0F1D81F39D00EA6B5A /* aperturaDistroLinux.jpg */ = {isa = PBXFileReference; lastKnownFileType = image.jpeg; path = aperturaDistroLinux.jpg; sourceTree = "<group>"; };
		CFEF8DD51D8B528000286442 /* Model2.xcdatamodel */ = {isa = PBXFileReference; lastKnownFileType = wrapper.xcdatamodel; path = Model2.xcdatamodel; sourceTree = "<group>"; };
		CFEF8DD61D8B545E00286442 /* Location+CoreDataClass.swift */ = {isa = PBXFileReference; fileEncoding = 4; lastKnownFileType = sourcecode.swift; name = "Location+CoreDataClass.swift"; path = "../Location+CoreDataClass.swift"; sourceTree = "<group>"; };
		CFEF8DD71D8B545E00286442 /* Location+CoreDataProperties.swift */ = {isa = PBXFileReference; fileEncoding = 4; lastKnownFileType = sourcecode.swift; name = "Location+CoreDataProperties.swift"; path = "../Location+CoreDataProperties.swift"; sourceTree = "<group>"; };
		CFEF8DDC1D8B564600286442 /* Note+CoreDataProperties.swift */ = {isa = PBXFileReference; fileEncoding = 4; lastKnownFileType = sourcecode.swift; name = "Note+CoreDataProperties.swift"; path = "../Note+CoreDataProperties.swift"; sourceTree = "<group>"; };
/* End PBXFileReference section */

/* Begin PBXFrameworksBuildPhase section */
		CF3A2F791D7F6E03007C1AF1 /* Frameworks */ = {
			isa = PBXFrameworksBuildPhase;
			buildActionMask = 2147483647;
			files = (
			);
			runOnlyForDeploymentPostprocessing = 0;
		};
/* End PBXFrameworksBuildPhase section */

/* Begin PBXGroup section */
		CF3A2F731D7F6E03007C1AF1 = {
			isa = PBXGroup;
			children = (
				CF3A2F7E1D7F6E03007C1AF1 /* Everpobre */,
				CF3A2F7D1D7F6E03007C1AF1 /* Products */,
			);
			sourceTree = "<group>";
		};
		CF3A2F7D1D7F6E03007C1AF1 /* Products */ = {
			isa = PBXGroup;
			children = (
				CF3A2F7C1D7F6E03007C1AF1 /* Everpobre.app */,
			);
			name = Products;
			sourceTree = "<group>";
		};
		CF3A2F7E1D7F6E03007C1AF1 /* Everpobre */ = {
			isa = PBXGroup;
			children = (
				CF3D3E901D8731B6000E0E24 /* Controllers */,
				CFB12A111D82015100EA6B5A /* Resources */,
				CF3A2F7F1D7F6E03007C1AF1 /* AppDelegate.swift */,
				CF3A2F811D7F6E03007C1AF1 /* ViewController.swift */,
				CF3A2F831D7F6E03007C1AF1 /* Main.storyboard */,
				CF3A2F861D7F6E03007C1AF1 /* Assets.xcassets */,
				CF3A2F881D7F6E03007C1AF1 /* LaunchScreen.storyboard */,
				CF3A2F8B1D7F6E03007C1AF1 /* Info.plist */,
				CFB12A0E1D81EC7600EA6B5A /* Core Data stack */,
				CF3A2F941D7F6EAC007C1AF1 /* Model */,
			);
			path = Everpobre;
			sourceTree = "<group>";
		};
		CF3A2F941D7F6EAC007C1AF1 /* Model */ = {
			isa = PBXGroup;
			children = (
				CF3A2FA41D7F78EF007C1AF1 /* Managed */,
				CF3A2F951D7F72EA007C1AF1 /* Model.xcdatamodeld */,
			);
			name = Model;
			sourceTree = "<group>";
		};
		CF3A2FA41D7F78EF007C1AF1 /* Managed */ = {
			isa = PBXGroup;
			children = (
				CFEF8DDC1D8B564600286442 /* Note+CoreDataProperties.swift */,
				CFEF8DD61D8B545E00286442 /* Location+CoreDataClass.swift */,
				CFEF8DD71D8B545E00286442 /* Location+CoreDataProperties.swift */,
				CFB12A041D81E71C00EA6B5A /* Note+CoreDataClass.swift */,
				CF26D5501D887F2400A060D8 /* Notebook+CoreDataProperties.swift */,
				CFB12A021D81E71C00EA6B5A /* Notebook+CoreDataClass.swift */,
				CF26D5511D887F2400A060D8 /* Photo+CoreDataProperties.swift */,
				CFB12A001D81E71C00EA6B5A /* Photo+CoreDataClass.swift */,
			);
			name = Managed;
			sourceTree = "<group>";
		};
		CF3D3E901D8731B6000E0E24 /* Controllers */ = {
			isa = PBXGroup;
			children = (
				CF3D3E8D1D873184000E0E24 /* CoreDataTableViewController.swift */,
				CF3D3E911D873717000E0E24 /* NotebooksViewController.swift */,
				CF26D5551D8899CE00A060D8 /* NotesViewController.swift */,
				CF26D5571D88A42F00A060D8 /* NoteViewController.swift */,
				CF26D5581D88A42F00A060D8 /* NoteViewController.xib */,
				CF26D55B1D88ACF600A060D8 /* PhotoViewController.swift */,
				CF26D55C1D88ACF600A060D8 /* PhotoViewController.xib */,
			);
			name = Controllers;
			sourceTree = "<group>";
		};
		CFB12A0E1D81EC7600EA6B5A /* Core Data stack */ = {
			isa = PBXGroup;
			children = (
				CFB12A0C1D81EC7200EA6B5A /* CoreDataStack.swift */,
			);
			name = "Core Data stack";
			sourceTree = "<group>";
		};
		CFB12A111D82015100EA6B5A /* Resources */ = {
			isa = PBXGroup;
			children = (
				CFB12A0F1D81F39D00EA6B5A /* aperturaDistroLinux.jpg */,
			);
			name = Resources;
			sourceTree = "<group>";
		};
/* End PBXGroup section */

/* Begin PBXNativeTarget section */
		CF3A2F7B1D7F6E03007C1AF1 /* Everpobre */ = {
			isa = PBXNativeTarget;
			buildConfigurationList = CF3A2F8E1D7F6E03007C1AF1 /* Build configuration list for PBXNativeTarget "Everpobre" */;
			buildPhases = (
				CF3A2F781D7F6E03007C1AF1 /* Sources */,
				CF3A2F791D7F6E03007C1AF1 /* Frameworks */,
				CF3A2F7A1D7F6E03007C1AF1 /* Resources */,
			);
			buildRules = (
			);
			dependencies = (
			);
			name = Everpobre;
			productName = Everpobre;
			productReference = CF3A2F7C1D7F6E03007C1AF1 /* Everpobre.app */;
			productType = "com.apple.product-type.application";
		};
/* End PBXNativeTarget section */

/* Begin PBXProject section */
		CF3A2F741D7F6E03007C1AF1 /* Project object */ = {
			isa = PBXProject;
			attributes = {
				LastSwiftUpdateCheck = 0800;
				LastUpgradeCheck = 0800;
				ORGANIZATIONNAME = KeepCoding;
				TargetAttributes = {
					CF3A2F7B1D7F6E03007C1AF1 = {
						CreatedOnToolsVersion = 8.0;
						ProvisioningStyle = Automatic;
					};
				};
			};
			buildConfigurationList = CF3A2F771D7F6E03007C1AF1 /* Build configuration list for PBXProject "Everpobre" */;
			compatibilityVersion = "Xcode 3.2";
			developmentRegion = English;
			hasScannedForEncodings = 0;
			knownRegions = (
				en,
				Base,
			);
			mainGroup = CF3A2F731D7F6E03007C1AF1;
			productRefGroup = CF3A2F7D1D7F6E03007C1AF1 /* Products */;
			projectDirPath = "";
			projectRoot = "";
			targets = (
				CF3A2F7B1D7F6E03007C1AF1 /* Everpobre */,
			);
		};
/* End PBXProject section */

/* Begin PBXResourcesBuildPhase section */
		CF3A2F7A1D7F6E03007C1AF1 /* Resources */ = {
			isa = PBXResourcesBuildPhase;
			buildActionMask = 2147483647;
			files = (
				CF3A2F8A1D7F6E03007C1AF1 /* LaunchScreen.storyboard in Resources */,
				CF3A2F871D7F6E03007C1AF1 /* Assets.xcassets in Resources */,
				CF3A2F851D7F6E03007C1AF1 /* Main.storyboard in Resources */,
				CF26D55E1D88ACF600A060D8 /* PhotoViewController.xib in Resources */,
				CF26D55A1D88A42F00A060D8 /* NoteViewController.xib in Resources */,
				CFB12A101D81F39D00EA6B5A /* aperturaDistroLinux.jpg in Resources */,
			);
			runOnlyForDeploymentPostprocessing = 0;
		};
/* End PBXResourcesBuildPhase section */

/* Begin PBXSourcesBuildPhase section */
		CF3A2F781D7F6E03007C1AF1 /* Sources */ = {
			isa = PBXSourcesBuildPhase;
			buildActionMask = 2147483647;
			files = (
				CF26D5591D88A42F00A060D8 /* NoteViewController.swift in Sources */,
				CF3A2F821D7F6E03007C1AF1 /* ViewController.swift in Sources */,
				CF3A2F801D7F6E03007C1AF1 /* AppDelegate.swift in Sources */,
				CF26D5531D887F2400A060D8 /* Notebook+CoreDataProperties.swift in Sources */,
				CFEF8DD81D8B545E00286442 /* Location+CoreDataClass.swift in Sources */,
				CFB12A081D81E71C00EA6B5A /* Notebook+CoreDataClass.swift in Sources */,
				CFB12A061D81E71C00EA6B5A /* Photo+CoreDataClass.swift in Sources */,
				CFB12A0D1D81EC7200EA6B5A /* CoreDataStack.swift in Sources */,
				CF26D5541D887F2400A060D8 /* Photo+CoreDataProperties.swift in Sources */,
				CF26D5561D8899CE00A060D8 /* NotesViewController.swift in Sources */,
				CFEF8DDD1D8B564600286442 /* Note+CoreDataProperties.swift in Sources */,
				CFB12A0A1D81E71C00EA6B5A /* Note+CoreDataClass.swift in Sources */,
				CF3A2F971D7F72EA007C1AF1 /* Model.xcdatamodeld in Sources */,
				CFEF8DD91D8B545E00286442 /* Location+CoreDataProperties.swift in Sources */,
				CF3D3E8E1D873184000E0E24 /* CoreDataTableViewController.swift in Sources */,
				CF3D3E921D873717000E0E24 /* NotebooksViewController.swift in Sources */,
				CF26D55D1D88ACF600A060D8 /* PhotoViewController.swift in Sources */,
			);
			runOnlyForDeploymentPostprocessing = 0;
		};
/* End PBXSourcesBuildPhase section */

/* Begin PBXVariantGroup section */
		CF3A2F831D7F6E03007C1AF1 /* Main.storyboard */ = {
			isa = PBXVariantGroup;
			children = (
				CF3A2F841D7F6E03007C1AF1 /* Base */,
			);
			name = Main.storyboard;
			sourceTree = "<group>";
		};
		CF3A2F881D7F6E03007C1AF1 /* LaunchScreen.storyboard */ = {
			isa = PBXVariantGroup;
			children = (
				CF3A2F891D7F6E03007C1AF1 /* Base */,
			);
			name = LaunchScreen.storyboard;
			sourceTree = "<group>";
		};
/* End PBXVariantGroup section */

/* Begin XCBuildConfiguration section */
		CF3A2F8C1D7F6E03007C1AF1 /* Debug */ = {
			isa = XCBuildConfiguration;
			buildSettings = {
				ALWAYS_SEARCH_USER_PATHS = NO;
				CLANG_ANALYZER_NONNULL = YES;
				CLANG_CXX_LANGUAGE_STANDARD = "gnu++0x";
				CLANG_CXX_LIBRARY = "libc++";
				CLANG_ENABLE_MODULES = YES;
				CLANG_ENABLE_OBJC_ARC = YES;
				CLANG_WARN_BOOL_CONVERSION = YES;
				CLANG_WARN_CONSTANT_CONVERSION = YES;
				CLANG_WARN_DIRECT_OBJC_ISA_USAGE = YES_ERROR;
				CLANG_WARN_DOCUMENTATION_COMMENTS = YES;
				CLANG_WARN_EMPTY_BODY = YES;
				CLANG_WARN_ENUM_CONVERSION = YES;
				CLANG_WARN_INFINITE_RECURSION = YES;
				CLANG_WARN_INT_CONVERSION = YES;
				CLANG_WARN_OBJC_ROOT_CLASS = YES_ERROR;
				CLANG_WARN_SUSPICIOUS_MOVES = YES;
				CLANG_WARN_UNREACHABLE_CODE = YES;
				CLANG_WARN__DUPLICATE_METHOD_MATCH = YES;
				"CODE_SIGN_IDENTITY[sdk=iphoneos*]" = "iPhone Developer";
				COPY_PHASE_STRIP = NO;
				DEBUG_INFORMATION_FORMAT = dwarf;
				ENABLE_STRICT_OBJC_MSGSEND = YES;
				ENABLE_TESTABILITY = YES;
				GCC_C_LANGUAGE_STANDARD = gnu99;
				GCC_DYNAMIC_NO_PIC = NO;
				GCC_NO_COMMON_BLOCKS = YES;
				GCC_OPTIMIZATION_LEVEL = 0;
				GCC_PREPROCESSOR_DEFINITIONS = (
					"DEBUG=1",
					"$(inherited)",
				);
				GCC_WARN_64_TO_32_BIT_CONVERSION = YES;
				GCC_WARN_ABOUT_RETURN_TYPE = YES_ERROR;
				GCC_WARN_UNDECLARED_SELECTOR = YES;
				GCC_WARN_UNINITIALIZED_AUTOS = YES_AGGRESSIVE;
				GCC_WARN_UNUSED_FUNCTION = YES;
				GCC_WARN_UNUSED_VARIABLE = YES;
				IPHONEOS_DEPLOYMENT_TARGET = 10.0;
				MTL_ENABLE_DEBUG_INFO = YES;
				ONLY_ACTIVE_ARCH = YES;
				SDKROOT = iphoneos;
				SWIFT_ACTIVE_COMPILATION_CONDITIONS = DEBUG;
				SWIFT_OPTIMIZATION_LEVEL = "-Onone";
			};
			name = Debug;
		};
		CF3A2F8D1D7F6E03007C1AF1 /* Release */ = {
			isa = XCBuildConfiguration;
			buildSettings = {
				ALWAYS_SEARCH_USER_PATHS = NO;
				CLANG_ANALYZER_NONNULL = YES;
				CLANG_CXX_LANGUAGE_STANDARD = "gnu++0x";
				CLANG_CXX_LIBRARY = "libc++";
				CLANG_ENABLE_MODULES = YES;
				CLANG_ENABLE_OBJC_ARC = YES;
				CLANG_WARN_BOOL_CONVERSION = YES;
				CLANG_WARN_CONSTANT_CONVERSION = YES;
				CLANG_WARN_DIRECT_OBJC_ISA_USAGE = YES_ERROR;
				CLANG_WARN_DOCUMENTATION_COMMENTS = YES;
				CLANG_WARN_EMPTY_BODY = YES;
				CLANG_WARN_ENUM_CONVERSION = YES;
				CLANG_WARN_INFINITE_RECURSION = YES;
				CLANG_WARN_INT_CONVERSION = YES;
				CLANG_WARN_OBJC_ROOT_CLASS = YES_ERROR;
				CLANG_WARN_SUSPICIOUS_MOVES = YES;
				CLANG_WARN_UNREACHABLE_CODE = YES;
				CLANG_WARN__DUPLICATE_METHOD_MATCH = YES;
				"CODE_SIGN_IDENTITY[sdk=iphoneos*]" = "iPhone Developer";
				COPY_PHASE_STRIP = NO;
				DEBUG_INFORMATION_FORMAT = "dwarf-with-dsym";
				ENABLE_NS_ASSERTIONS = NO;
				ENABLE_STRICT_OBJC_MSGSEND = YES;
				GCC_C_LANGUAGE_STANDARD = gnu99;
				GCC_NO_COMMON_BLOCKS = YES;
				GCC_WARN_64_TO_32_BIT_CONVERSION = YES;
				GCC_WARN_ABOUT_RETURN_TYPE = YES_ERROR;
				GCC_WARN_UNDECLARED_SELECTOR = YES;
				GCC_WARN_UNINITIALIZED_AUTOS = YES_AGGRESSIVE;
				GCC_WARN_UNUSED_FUNCTION = YES;
				GCC_WARN_UNUSED_VARIABLE = YES;
				IPHONEOS_DEPLOYMENT_TARGET = 10.0;
				MTL_ENABLE_DEBUG_INFO = NO;
				SDKROOT = iphoneos;
				SWIFT_OPTIMIZATION_LEVEL = "-Owholemodule";
				VALIDATE_PRODUCT = YES;
			};
			name = Release;
		};
		CF3A2F8F1D7F6E03007C1AF1 /* Debug */ = {
			isa = XCBuildConfiguration;
			buildSettings = {
				ASSETCATALOG_COMPILER_APPICON_NAME = AppIcon;
				INFOPLIST_FILE = Everpobre/Info.plist;
				LD_RUNPATH_SEARCH_PATHS = "$(inherited) @executable_path/Frameworks";
				PRODUCT_BUNDLE_IDENTIFIER = icapa.Everpobre;
				PRODUCT_NAME = "$(TARGET_NAME)";
				SWIFT_VERSION = 3.0;
			};
			name = Debug;
		};
		CF3A2F901D7F6E03007C1AF1 /* Release */ = {
			isa = XCBuildConfiguration;
			buildSettings = {
				ASSETCATALOG_COMPILER_APPICON_NAME = AppIcon;
				INFOPLIST_FILE = Everpobre/Info.plist;
				LD_RUNPATH_SEARCH_PATHS = "$(inherited) @executable_path/Frameworks";
				PRODUCT_BUNDLE_IDENTIFIER = icapa.Everpobre;
				PRODUCT_NAME = "$(TARGET_NAME)";
				SWIFT_VERSION = 3.0;
			};
			name = Release;
		};
/* End XCBuildConfiguration section */

/* Begin XCConfigurationList section */
		CF3A2F771D7F6E03007C1AF1 /* Build configuration list for PBXProject "Everpobre" */ = {
			isa = XCConfigurationList;
			buildConfigurations = (
				CF3A2F8C1D7F6E03007C1AF1 /* Debug */,
				CF3A2F8D1D7F6E03007C1AF1 /* Release */,
			);
			defaultConfigurationIsVisible = 0;
			defaultConfigurationName = Release;
		};
		CF3A2F8E1D7F6E03007C1AF1 /* Build configuration list for PBXNativeTarget "Everpobre" */ = {
			isa = XCConfigurationList;
			buildConfigurations = (
				CF3A2F8F1D7F6E03007C1AF1 /* Debug */,
				CF3A2F901D7F6E03007C1AF1 /* Release */,
			);
			defaultConfigurationIsVisible = 0;
			defaultConfigurationName = Release;
		};
/* End XCConfigurationList section */

/* Begin XCVersionGroup section */
		CF3A2F951D7F72EA007C1AF1 /* Model.xcdatamodeld */ = {
			isa = XCVersionGroup;
			children = (
				CFEF8DD51D8B528000286442 /* Model2.xcdatamodel */,
				CF3A2F961D7F72EA007C1AF1 /* Model.xcdatamodel */,
			);
			currentVersion = CFEF8DD51D8B528000286442 /* Model2.xcdatamodel */;
			path = Model.xcdatamodeld;
			sourceTree = "<group>";
			versionGroupType = wrapper.xcdatamodel;
		};
/* End XCVersionGroup section */
	};
	rootObject = CF3A2F741D7F6E03007C1AF1 /* Project object */;
}
